
Microsoft Visual Studio Solution File, Format Version 12.00
# Visual Studio Version 17
VisualStudioVersion = 17.7.34024.191
MinimumVisualStudioVersion = 10.0.40219.1
Project("{8BC9CEB8-8B4A-11D0-8D11-00A0C91BC942}") = "W09-Problem-Set", "W09-Problem-Set\W09-Problem-Set.vcxproj", "{994678C6-0B7F-4270-8B16-6D0749B14778}"
EndProject
Global
	GlobalSection(SolutionConfigurationPlatforms) = preSolution
		Debug|x64 = Debug|x64
		Debug|x86 = Debug|x86
		Release|x64 = Release|x64
		Release|x86 = Release|x86
	EndGlobalSection
	GlobalSection(ProjectConfigurationPlatforms) = postSolution
		{994678C6-0B7F-4270-8B16-6D0749B14778}.Debug|x64.ActiveCfg = Debug|x64
		{994678C6-0B7F-4270-8B16-6D0749B14778}.Debug|x64.Build.0 = Debug|x64
		{994678C6-0B7F-4270-8B16-6D0749B14778}.Debug|x86.ActiveCfg = Debug|Win32
		{994678C6-0B7F-4270-8B16-6D0749B14778}.Debug|x86.Build.0 = Debug|Win32
		{994678C6-0B7F-4270-8B16-6D0749B14778}.Release|x64.ActiveCfg = Release|x64
		{994678C6-0B7F-4270-8B16-6D0749B14778}.Release|x64.Build.0 = Release|x64
		{994678C6-0B7F-4270-8B16-6D0749B14778}.Release|x86.ActiveCfg = Release|Win32
		{994678C6-0B7F-4270-8B16-6D0749B14778}.Release|x86.Build.0 = Release|Win32
	EndGlobalSection
	GlobalSection(SolutionProperties) = preSolution
		HideSolutionNode = FALSE
	EndGlobalSection
	GlobalSection(ExtensibilityGlobals) = postSolution
		SolutionGuid = {71051DD6-54E7-4753-95A4-486E68C68274}
	EndGlobalSection
EndGlobal
